cloud.google.com/go/compute v1.20.1 h1:6aKEtlUiwEpJzM001l0yFkpXmUVXaN8W+fbkb2AZNbg=
cloud.google.com/go/compute v1.20.1/go.mod h1:4tCnrn48xsqlwSAiLf1HXMQk8CONslYbdiEZc9FEIbM=
cloud.google.com/go/compute/metadata v0.2.3 h1:mg4jlk7mCAj6xXp9UJ4fjI9VUI5rubuGBW5aJ7UnBMY=
cloud.google.com/go/compute/metadata v0.2.3/go.mod h1:VAV5nSsACxMJvgaAuX6Pk2AawlZn8kiOGuCv6gTkwuA=
github.com/gorilla/websocket v1.5.1 h1:gmztn0JnHVt9JZquRuzLw3g4wouNVzKL15iLr/zn/QY=
github.com/gorilla/websocket v1.5.1/go.mod h1:x3kM2JMyaluk02fnUJpQuwD2dCS5NDG2ZHL0uE0tcaY=
github.com/stretchr/codecs v0.0.0-20170403063245-04a5b1e1910d h1:gXQ+QS3q874pcayiqszimfHPQ7ySFcekgzBMoTaVawk=
github.com/stretchr/codecs v0.0.0-20170403063245-04a5b1e1910d/go.mod h1:RpfDhdqip2BYhzoE4esKm8axH5VywpvMW9o3wfcamek=
github.com/stretchr/gomniauth v0.0.0-20170717123514-4b6c822be2eb h1:6lYIg/SCrz3gsCsEpRpK0BW3tBGt4VuQKlAleoxCgCc=
github.com/stretchr/gomniauth v0.0.0-20170717123514-4b6c822be2eb/go.mod h1:5wVraTCYvqbNMRjmSIIcrJMASXdoHeXm8j8AON7WobA=
github.com/stretchr/objx v0.5.2 h1:xuMeJ0Sdp5ZMRXx/aWO6RZxdr3beISkG5/G/aIRr3pY=
github.com/stretchr/objx v0.5.2/go.mod h1:FRsXN1f5AsAjCGJKqEizvkpNtU+EGNCLh3NxZ/8L+MA=
github.com/stretchr/signature v0.0.0-20160104132143-168b2a1e1b56 h1:BTR9AeovoABP8KnaBkzNtp7y/+x1n5GbOHwp3QisE1k=
github.com/stretchr/signature v0.0.0-20160104132143-168b2a1e1b56/go.mod h1:p8v7xBdwApv7pgPN+8jQ3LpBQJDAusrtE+YBWBbab9Q=
github.com/stretchr/stew v0.0.0-20130812190256-80ef0842b48b h1:DmfFjW6pLdaJNVHfKgCxTdKFI6tM+0YbMd0kx7kE78s=
github.com/stretchr/stew v0.0.0-20130812190256-80ef0842b48b/go.mod h1:yS/5aMz+lfJhykLjlAGbnhUhZIvVapOvtmk0MtzHktE=
github.com/stretchr/tracer v0.0.0-20140124184152-66d3696bba97 h1:ZXZ3Ko4supnaInt/pSZnq3QL65Qx/KSZTUPMJH5RlIk=
github.com/stretchr/tracer v0.0.0-20140124184152-66d3696bba97/go.mod h1:H0mYc1JTiYc9K0keLMYcR2ybyeom20X4cOYrKya1M1Y=
golang.org/x/net v0.17.0 h1:pVaXccu2ozPjCXewfr1S7xza/zcXTity9cCdXQYSjIM=
golang.org/x/net v0.17.0/go.mod h1:NxSsAGuq816PNPmqtQdLE42eU2Fs7NoRIZrHJAlaCOE=
golang.org/x/oauth2 v0.19.0 h1:9+E/EZBCbTLNrbN35fHv/a/d/mOBatymz1zbtQrXpIg=
golang.org/x/oauth2 v0.19.0/go.mod h1:vYi7skDa1x015PmRRYZ7+s1cWyPgrPiSYRe4rnsexc8=
